// !$*UTF8*$!
{
	archiveVersion = 1;
	classes = {
	};
	objectVersion = 50;
	objects = {

/* Begin PBXBuildFile section */
		44C2167022710A0700DC193D /* AppDelegate.swift in Sources */ = {isa = PBXBuildFile; fileRef = 44C2166F22710A0700DC193D /* AppDelegate.swift */; };
		44C2167222710A0700DC193D /* PaintingViewController.swift in Sources */ = {isa = PBXBuildFile; fileRef = 44C2167122710A0700DC193D /* PaintingViewController.swift */; };
		44C2167522710A0700DC193D /* Main.storyboard in Resources */ = {isa = PBXBuildFile; fileRef = 44C2167322710A0700DC193D /* Main.storyboard */; };
		44C2167722710A0900DC193D /* Assets.xcassets in Resources */ = {isa = PBXBuildFile; fileRef = 44C2167622710A0900DC193D /* Assets.xcassets */; };
		44C2167A22710A0900DC193D /* LaunchScreen.storyboard in Resources */ = {isa = PBXBuildFile; fileRef = 44C2167822710A0900DC193D /* LaunchScreen.storyboard */; };
		44C2168422710E5800DC193D /* PaintingTableViewCell.swift in Sources */ = {isa = PBXBuildFile; fileRef = 44C2168322710E5800DC193D /* PaintingTableViewCell.swift */; };
		44C216862271116B00DC193D /* Painting.swift in Sources */ = {isa = PBXBuildFile; fileRef = 44C216852271116B00DC193D /* Painting.swift */; };
		44C21688227111D200DC193D /* PaintingTableViewCellDelegate.swift in Sources */ = {isa = PBXBuildFile; fileRef = 44C21687227111D200DC193D /* PaintingTableViewCellDelegate.swift */; };
		44C2168A227111E900DC193D /* PaintingModel.swift in Sources */ = {isa = PBXBuildFile; fileRef = 44C21689227111E900DC193D /* PaintingModel.swift */; };
		D14F7B2A22712A1000CCA163 /* PaintingController.swift in Sources */ = {isa = PBXBuildFile; fileRef = D14F7B2922712A1000CCA163 /* PaintingController.swift */; };
/* End PBXBuildFile section */

/* Begin PBXFileReference section */
		44C2166C22710A0700DC193D /* Art-Gallery.app */ = {isa = PBXFileReference; explicitFileType = wrapper.application; includeInIndex = 0; path = "Art-Gallery.app"; sourceTree = BUILT_PRODUCTS_DIR; };
		44C2166F22710A0700DC193D /* AppDelegate.swift */ = {isa = PBXFileReference; lastKnownFileType = sourcecode.swift; path = AppDelegate.swift; sourceTree = "<group>"; };
		44C2167122710A0700DC193D /* PaintingViewController.swift */ = {isa = PBXFileReference; lastKnownFileType = sourcecode.swift; path = PaintingViewController.swift; sourceTree = "<group>"; };
		44C2167422710A0700DC193D /* Base */ = {isa = PBXFileReference; lastKnownFileType = file.storyboard; name = Base; path = Base.lproj/Main.storyboard; sourceTree = "<group>"; };
		44C2167622710A0900DC193D /* Assets.xcassets */ = {isa = PBXFileReference; lastKnownFileType = folder.assetcatalog; path = Assets.xcassets; sourceTree = "<group>"; };
		44C2167922710A0900DC193D /* Base */ = {isa = PBXFileReference; lastKnownFileType = file.storyboard; name = Base; path = Base.lproj/LaunchScreen.storyboard; sourceTree = "<group>"; };
		44C2167B22710A0900DC193D /* Info.plist */ = {isa = PBXFileReference; lastKnownFileType = text.plist.xml; path = Info.plist; sourceTree = "<group>"; };
		44C2168322710E5800DC193D /* PaintingTableViewCell.swift */ = {isa = PBXFileReference; lastKnownFileType = sourcecode.swift; path = PaintingTableViewCell.swift; sourceTree = "<group>"; };
		44C216852271116B00DC193D /* Painting.swift */ = {isa = PBXFileReference; lastKnownFileType = sourcecode.swift; path = Painting.swift; sourceTree = "<group>"; };
		44C21687227111D200DC193D /* PaintingTableViewCellDelegate.swift */ = {isa = PBXFileReference; lastKnownFileType = sourcecode.swift; path = PaintingTableViewCellDelegate.swift; sourceTree = "<group>"; };
		44C21689227111E900DC193D /* PaintingModel.swift */ = {isa = PBXFileReference; lastKnownFileType = sourcecode.swift; path = PaintingModel.swift; sourceTree = "<group>"; };
		D14F7B2922712A1000CCA163 /* PaintingController.swift */ = {isa = PBXFileReference; lastKnownFileType = sourcecode.swift; path = PaintingController.swift; sourceTree = "<group>"; };
/* End PBXFileReference section */

/* Begin PBXFrameworksBuildPhase section */
		44C2166922710A0700DC193D /* Frameworks */ = {
			isa = PBXFrameworksBuildPhase;
			buildActionMask = 2147483647;
			files = (
			);
			runOnlyForDeploymentPostprocessing = 0;
		};
/* End PBXFrameworksBuildPhase section */

/* Begin PBXGroup section */
		44C2166322710A0700DC193D = {
			isa = PBXGroup;
			children = (
				44C2166E22710A0700DC193D /* Art-Gallery */,
				44C2166D22710A0700DC193D /* Products */,
			);
			sourceTree = "<group>";
		};
		44C2166D22710A0700DC193D /* Products */ = {
			isa = PBXGroup;
			children = (
				44C2166C22710A0700DC193D /* Art-Gallery.app */,
			);
			name = Products;
			sourceTree = "<group>";
		};
		44C2166E22710A0700DC193D /* Art-Gallery */ = {
			isa = PBXGroup;
			children = (
				44C2166F22710A0700DC193D /* AppDelegate.swift */,
				44C2167322710A0700DC193D /* Main.storyboard */,
				44C2167622710A0900DC193D /* Assets.xcassets */,
				44C2167822710A0900DC193D /* LaunchScreen.storyboard */,
				44C2167B22710A0900DC193D /* Info.plist */,
				44C2167122710A0700DC193D /* PaintingViewController.swift */,
				44C2168322710E5800DC193D /* PaintingTableViewCell.swift */,
				44C216852271116B00DC193D /* Painting.swift */,
				44C21687227111D200DC193D /* PaintingTableViewCellDelegate.swift */,
				44C21689227111E900DC193D /* PaintingModel.swift */,
				D14F7B2922712A1000CCA163 /* PaintingController.swift */,
			);
			path = "Art-Gallery";
			sourceTree = "<group>";
		};
/* End PBXGroup section */

/* Begin PBXNativeTarget section */
		44C2166B22710A0700DC193D /* Art-Gallery */ = {
			isa = PBXNativeTarget;
			buildConfigurationList = 44C2167E22710A0900DC193D /* Build configuration list for PBXNativeTarget "Art-Gallery" */;
			buildPhases = (
				44C2166822710A0700DC193D /* Sources */,
				44C2166922710A0700DC193D /* Frameworks */,
				44C2166A22710A0700DC193D /* Resources */,
			);
			buildRules = (
			);
			dependencies = (
			);
			name = "Art-Gallery";
			productName = "Art-Gallery";
			productReference = 44C2166C22710A0700DC193D /* Art-Gallery.app */;
			productType = "com.apple.product-type.application";
		};
/* End PBXNativeTarget section */

/* Begin PBXProject section */
		44C2166422710A0700DC193D /* Project object */ = {
			isa = PBXProject;
			attributes = {
				LastSwiftUpdateCheck = 1020;
				LastUpgradeCheck = 1020;
				ORGANIZATIONNAME = "Ryan Murphy";
				TargetAttributes = {
					44C2166B22710A0700DC193D = {
						CreatedOnToolsVersion = 10.2.1;
					};
				};
			};
			buildConfigurationList = 44C2166722710A0700DC193D /* Build configuration list for PBXProject "Art-Gallery" */;
			compatibilityVersion = "Xcode 9.3";
			developmentRegion = en;
			hasScannedForEncodings = 0;
			knownRegions = (
				en,
				Base,
			);
			mainGroup = 44C2166322710A0700DC193D;
			productRefGroup = 44C2166D22710A0700DC193D /* Products */;
			projectDirPath = "";
			projectRoot = "";
			targets = (
				44C2166B22710A0700DC193D /* Art-Gallery */,
			);
		};
/* End PBXProject section */

/* Begin PBXResourcesBuildPhase section */
		44C2166A22710A0700DC193D /* Resources */ = {
			isa = PBXResourcesBuildPhase;
			buildActionMask = 2147483647;
			files = (
				44C2167A22710A0900DC193D /* LaunchScreen.storyboard in Resources */,
				44C2167722710A0900DC193D /* Assets.xcassets in Resources */,
				44C2167522710A0700DC193D /* Main.storyboard in Resources */,
			);
			runOnlyForDeploymentPostprocessing = 0;
		};
/* End PBXResourcesBuildPhase section */

/* Begin PBXSourcesBuildPhase section */
		44C2166822710A0700DC193D /* Sources */ = {
			isa = PBXSourcesBuildPhase;
			buildActionMask = 2147483647;
			files = (
				44C2167222710A0700DC193D /* PaintingViewController.swift in Sources */,
				44C2168A227111E900DC193D /* PaintingModel.swift in Sources */,
				44C2167022710A0700DC193D /* AppDelegate.swift in Sources */,
				44C2168422710E5800DC193D /* PaintingTableViewCell.swift in Sources */,
				D14F7B2A22712A1000CCA163 /* PaintingController.swift in Sources */,
				44C216862271116B00DC193D /* Painting.swift in Sources */,
				44C21688227111D200DC193D /* PaintingTableViewCellDelegate.swift in Sources */,
			);
			runOnlyForDeploymentPostprocessing = 0;
		};
/* End PBXSourcesBuildPhase section */

/* Begin PBXVariantGroup section */
		44C2167322710A0700DC193D /* Main.storyboard */ = {
			isa = PBXVariantGroup;
			children = (
				44C2167422710A0700DC193D /* Base */,
			);
			name = Main.storyboard;
			sourceTree = "<group>";
		};
		44C2167822710A0900DC193D /* LaunchScreen.storyboard */ = {
			isa = PBXVariantGroup;
			children = (
				44C2167922710A0900DC193D /* Base */,
			);
			name = LaunchScreen.storyboard;
			sourceTree = "<group>";
		};
/* End PBXVariantGroup section */

/* Begin XCBuildConfiguration section */
		44C2167C22710A0900DC193D /* Debug */ = {
			isa = XCBuildConfiguration;
			buildSettings = {
				ALWAYS_SEARCH_USER_PATHS = NO;
				CLANG_ANALYZER_NONNULL = YES;
				CLANG_ANALYZER_NUMBER_OBJECT_CONVERSION = YES_AGGRESSIVE;
				CLANG_CXX_LANGUAGE_STANDARD = "gnu++14";
				CLANG_CXX_LIBRARY = "libc++";
				CLANG_ENABLE_MODULES = YES;
				CLANG_ENABLE_OBJC_ARC = YES;
				CLANG_ENABLE_OBJC_WEAK = YES;
				CLANG_WARN_BLOCK_CAPTURE_AUTORELEASING = YES;
				CLANG_WARN_BOOL_CONVERSION = YES;
				CLANG_WARN_COMMA = YES;
				CLANG_WARN_CONSTANT_CONVERSION = YES;
				CLANG_WARN_DEPRECATED_OBJC_IMPLEMENTATIONS = YES;
				CLANG_WARN_DIRECT_OBJC_ISA_USAGE = YES_ERROR;
				CLANG_WARN_DOCUMENTATION_COMMENTS = YES;
				CLANG_WARN_EMPTY_BODY = YES;
				CLANG_WARN_ENUM_CONVERSION = YES;
				CLANG_WARN_INFINITE_RECURSION = YES;
				CLANG_WARN_INT_CONVERSION = YES;
				CLANG_WARN_NON_LITERAL_NULL_CONVERSION = YES;
				CLANG_WARN_OBJC_IMPLICIT_RETAIN_SELF = YES;
				CLANG_WARN_OBJC_LITERAL_CONVERSION = YES;
				CLANG_WARN_OBJC_ROOT_CLASS = YES_ERROR;
				CLANG_WARN_RANGE_LOOP_ANALYSIS = YES;
				CLANG_WARN_STRICT_PROTOTYPES = YES;
				CLANG_WARN_SUSPICIOUS_MOVE = YES;
				CLANG_WARN_UNGUARDED_AVAILABILITY = YES_AGGRESSIVE;
				CLANG_WARN_UNREACHABLE_CODE = YES;
				CLANG_WARN__DUPLICATE_METHOD_MATCH = YES;
				CODE_SIGN_IDENTITY = "iPhone Developer";
				COPY_PHASE_STRIP = NO;
				DEBUG_INFORMATION_FORMAT = dwarf;
				ENABLE_STRICT_OBJC_MSGSEND = YES;
				ENABLE_TESTABILITY = YES;
				GCC_C_LANGUAGE_STANDARD = gnu11;
				GCC_DYNAMIC_NO_PIC = NO;
				GCC_NO_COMMON_BLOCKS = YES;
				GCC_OPTIMIZATION_LEVEL = 0;
				GCC_PREPROCESSOR_DEFINITIONS = (
					"DEBUG=1",
					"$(inherited)",
				);
				GCC_WARN_64_TO_32_BIT_CONVERSION = YES;
				GCC_WARN_ABOUT_RETURN_TYPE = YES_ERROR;
				GCC_WARN_UNDECLARED_SELECTOR = YES;
				GCC_WARN_UNINITIALIZED_AUTOS = YES_AGGRESSIVE;
				GCC_WARN_UNUSED_FUNCTION = YES;
				GCC_WARN_UNUSED_VARIABLE = YES;
				IPHONEOS_DEPLOYMENT_TARGET = 12.2;
				MTL_ENABLE_DEBUG_INFO = INCLUDE_SOURCE;
				MTL_FAST_MATH = YES;
				ONLY_ACTIVE_ARCH = YES;
				SDKROOT = iphoneos;
				SWIFT_ACTIVE_COMPILATION_CONDITIONS = DEBUG;
				SWIFT_OPTIMIZATION_LEVEL = "-Onone";
			};
			name = Debug;
		};
		44C2167D22710A0900DC193D /* Release */ = {
			isa = XCBuildConfiguration;
			buildSettings = {
				ALWAYS_SEARCH_USER_PATHS = NO;
				CLANG_ANALYZER_NONNULL = YES;
				CLANG_ANALYZER_NUMBER_OBJECT_CONVERSION = YES_AGGRESSIVE;
				CLANG_CXX_LANGUAGE_STANDARD = "gnu++14";
				CLANG_CXX_LIBRARY = "libc++";
				CLANG_ENABLE_MODULES = YES;
				CLANG_ENABLE_OBJC_ARC = YES;
				CLANG_ENABLE_OBJC_WEAK = YES;
				CLANG_WARN_BLOCK_CAPTURE_AUTORELEASING = YES;
				CLANG_WARN_BOOL_CONVERSION = YES;
				CLANG_WARN_COMMA = YES;
				CLANG_WARN_CONSTANT_CONVERSION = YES;
				CLANG_WARN_DEPRECATED_OBJC_IMPLEMENTATIONS = YES;
				CLANG_WARN_DIRECT_OBJC_ISA_USAGE = YES_ERROR;
				CLANG_WARN_DOCUMENTATION_COMMENTS = YES;
				CLANG_WARN_EMPTY_BODY = YES;
				CLANG_WARN_ENUM_CONVERSION = YES;
				CLANG_WARN_INFINITE_RECURSION = YES;
				CLANG_WARN_INT_CONVERSION = YES;
				CLANG_WARN_NON_LITERAL_NULL_CONVERSION = YES;
				CLANG_WARN_OBJC_IMPLICIT_RETAIN_SELF = YES;
				CLANG_WARN_OBJC_LITERAL_CONVERSION = YES;
				CLANG_WARN_OBJC_ROOT_CLASS = YES_ERROR;
				CLANG_WARN_RANGE_LOOP_ANALYSIS = YES;
				CLANG_WARN_STRICT_PROTOTYPES = YES;
				CLANG_WARN_SUSPICIOUS_MOVE = YES;
				CLANG_WARN_UNGUARDED_AVAILABILITY = YES_AGGRESSIVE;
				CLANG_WARN_UNREACHABLE_CODE = YES;
				CLANG_WARN__DUPLICATE_METHOD_MATCH = YES;
				CODE_SIGN_IDENTITY = "iPhone Developer";
				COPY_PHASE_STRIP = NO;
				DEBUG_INFORMATION_FORMAT = "dwarf-with-dsym";
				ENABLE_NS_ASSERTIONS = NO;
				ENABLE_STRICT_OBJC_MSGSEND = YES;
				GCC_C_LANGUAGE_STANDARD = gnu11;
				GCC_NO_COMMON_BLOCKS = YES;
				GCC_WARN_64_TO_32_BIT_CONVERSION = YES;
				GCC_WARN_ABOUT_RETURN_TYPE = YES_ERROR;
				GCC_WARN_UNDECLARED_SELECTOR = YES;
				GCC_WARN_UNINITIALIZED_AUTOS = YES_AGGRESSIVE;
				GCC_WARN_UNUSED_FUNCTION = YES;
				GCC_WARN_UNUSED_VARIABLE = YES;
				IPHONEOS_DEPLOYMENT_TARGET = 12.2;
				MTL_ENABLE_DEBUG_INFO = NO;
				MTL_FAST_MATH = YES;
				SDKROOT = iphoneos;
				SWIFT_COMPILATION_MODE = wholemodule;
				SWIFT_OPTIMIZATION_LEVEL = "-O";
				VALIDATE_PRODUCT = YES;
			};
			name = Release;
		};
		44C2167F22710A0900DC193D /* Debug */ = {
			isa = XCBuildConfiguration;
			buildSettings = {
				ASSETCATALOG_COMPILER_APPICON_NAME = AppIcon;
				CODE_SIGN_STYLE = Automatic;
				INFOPLIST_FILE = "Art-Gallery/Info.plist";
				LD_RUNPATH_SEARCH_PATHS = (
					"$(inherited)",
					"@executable_path/Frameworks",
				);
				PRODUCT_BUNDLE_IDENTIFIER = "com.extremeconch.Art-Gallery";
				PRODUCT_NAME = "$(TARGET_NAME)";
				SWIFT_VERSION = 5.0;
				TARGETED_DEVICE_FAMILY = "1,2";
			};
			name = Debug;
		};
		44C2168022710A0900DC193D /* Release */ = {
			isa = XCBuildConfiguration;
			buildSettings = {
				ASSETCATALOG_COMPILER_APPICON_NAME = AppIcon;
				CODE_SIGN_STYLE = Automatic;
				INFOPLIST_FILE = "Art-Gallery/Info.plist";
				LD_RUNPATH_SEARCH_PATHS = (
					"$(inherited)",
					"@executable_path/Frameworks",
				);
				PRODUCT_BUNDLE_IDENTIFIER = "com.extremeconch.Art-Gallery";
				PRODUCT_NAME = "$(TARGET_NAME)";
				SWIFT_VERSION = 5.0;
				TARGETED_DEVICE_FAMILY = "1,2";
			};
			name = Release;
		};
/* End XCBuildConfiguration section */

/* Begin XCConfigurationList section */
		44C2166722710A0700DC193D /* Build configuration list for PBXProject "Art-Gallery" */ = {
			isa = XCConfigurationList;
			buildConfigurations = (
				44C2167C22710A0900DC193D /* Debug */,
				44C2167D22710A0900DC193D /* Release */,
			);
			defaultConfigurationIsVisible = 0;
			defaultConfigurationName = Release;
		};
		44C2167E22710A0900DC193D /* Build configuration list for PBXNativeTarget "Art-Gallery" */ = {
			isa = XCConfigurationList;
			buildConfigurations = (
				44C2167F22710A0900DC193D /* Debug */,
				44C2168022710A0900DC193D /* Release */,
			);
			defaultConfigurationIsVisible = 0;
			defaultConfigurationName = Release;
		};
/* End XCConfigurationList section */
	};
	rootObject = 44C2166422710A0700DC193D /* Project object */;
}
